
Microsoft Visual Studio Solution File, Format Version 12.00
# Visual Studio Version 17
VisualStudioVersion = 17.5.33627.172
MinimumVisualStudioVersion = 10.0.40219.1
Project("{9A19103F-16F7-4668-BE54-9A1E7A4F7556}") = "Domain", "src\Domain\Domain.csproj", "{73CC5284-018A-40E4-A0E4-79C7C6B9A7DB}"
EndProject
Project("{9A19103F-16F7-4668-BE54-9A1E7A4F7556}") = "Database", "src\Database\Database.csproj", "{644C21D4-9BF9-4806-8E07-D6B5466BC6EE}"
EndProject
Project("{9A19103F-16F7-4668-BE54-9A1E7A4F7556}") = "Services", "src\Services\Services.csproj", "{723B0E87-EFFD-4E92-8174-58DE744EA591}"
EndProject
Project("{9A19103F-16F7-4668-BE54-9A1E7A4F7556}") = "CustomerAPI", "src\CustomerAPI\CustomerAPI.csproj", "{2FB43E92-DB9C-424D-864C-9F97E8A92216}"
EndProject
Project("{FAE04EC0-301F-11D3-BF4B-00C04F79EFBC}") = "ProductAPI", "src\ProductAPI\ProductAPI.csproj", "{FE4CD462-FB02-4DE0-BB8B-54BBA7F7DBD6}"
EndProject
Project("{2150E333-8FDC-42A3-9474-1A3956D46DE8}") = "WebApi", "WebApi", "{03AC39FF-C287-4842-AFC4-E3E5A78283EA}"
EndProject
Project("{2150E333-8FDC-42A3-9474-1A3956D46DE8}") = "Application", "Application", "{7F91F0E9-13EA-4927-B9E3-3841B84469C5}"
EndProject
Project("{FAE04EC0-301F-11D3-BF4B-00C04F79EFBC}") = "OrderAPI", "src\OrderAPI\OrderAPI.csproj", "{845CFF8B-311C-4235-9D1E-91626BD9401C}"
EndProject
Global
	GlobalSection(SolutionConfigurationPlatforms) = preSolution
		Debug|Any CPU = Debug|Any CPU
		Release|Any CPU = Release|Any CPU
	EndGlobalSection
	GlobalSection(ProjectConfigurationPlatforms) = postSolution
		{73CC5284-018A-40E4-A0E4-79C7C6B9A7DB}.Debug|Any CPU.ActiveCfg = Debug|Any CPU
		{73CC5284-018A-40E4-A0E4-79C7C6B9A7DB}.Debug|Any CPU.Build.0 = Debug|Any CPU
		{73CC5284-018A-40E4-A0E4-79C7C6B9A7DB}.Release|Any CPU.ActiveCfg = Release|Any CPU
		{73CC5284-018A-40E4-A0E4-79C7C6B9A7DB}.Release|Any CPU.Build.0 = Release|Any CPU
		{644C21D4-9BF9-4806-8E07-D6B5466BC6EE}.Debug|Any CPU.ActiveCfg = Debug|Any CPU
		{644C21D4-9BF9-4806-8E07-D6B5466BC6EE}.Debug|Any CPU.Build.0 = Debug|Any CPU
		{644C21D4-9BF9-4806-8E07-D6B5466BC6EE}.Release|Any CPU.ActiveCfg = Release|Any CPU
		{644C21D4-9BF9-4806-8E07-D6B5466BC6EE}.Release|Any CPU.Build.0 = Release|Any CPU
		{723B0E87-EFFD-4E92-8174-58DE744EA591}.Debug|Any CPU.ActiveCfg = Debug|Any CPU
		{723B0E87-EFFD-4E92-8174-58DE744EA591}.Debug|Any CPU.Build.0 = Debug|Any CPU
		{723B0E87-EFFD-4E92-8174-58DE744EA591}.Release|Any CPU.ActiveCfg = Release|Any CPU
		{723B0E87-EFFD-4E92-8174-58DE744EA591}.Release|Any CPU.Build.0 = Release|Any CPU
		{2FB43E92-DB9C-424D-864C-9F97E8A92216}.Debug|Any CPU.ActiveCfg = Debug|Any CPU
		{2FB43E92-DB9C-424D-864C-9F97E8A92216}.Debug|Any CPU.Build.0 = Debug|Any CPU
		{2FB43E92-DB9C-424D-864C-9F97E8A92216}.Release|Any CPU.ActiveCfg = Release|Any CPU
		{2FB43E92-DB9C-424D-864C-9F97E8A92216}.Release|Any CPU.Build.0 = Release|Any CPU
		{FE4CD462-FB02-4DE0-BB8B-54BBA7F7DBD6}.Debug|Any CPU.ActiveCfg = Debug|Any CPU
		{FE4CD462-FB02-4DE0-BB8B-54BBA7F7DBD6}.Debug|Any CPU.Build.0 = Debug|Any CPU
		{FE4CD462-FB02-4DE0-BB8B-54BBA7F7DBD6}.Release|Any CPU.ActiveCfg = Release|Any CPU
		{FE4CD462-FB02-4DE0-BB8B-54BBA7F7DBD6}.Release|Any CPU.Build.0 = Release|Any CPU
		{845CFF8B-311C-4235-9D1E-91626BD9401C}.Debug|Any CPU.ActiveCfg = Debug|Any CPU
		{845CFF8B-311C-4235-9D1E-91626BD9401C}.Debug|Any CPU.Build.0 = Debug|Any CPU
		{845CFF8B-311C-4235-9D1E-91626BD9401C}.Release|Any CPU.ActiveCfg = Release|Any CPU
		{845CFF8B-311C-4235-9D1E-91626BD9401C}.Release|Any CPU.Build.0 = Release|Any CPU
	EndGlobalSection
	GlobalSection(SolutionProperties) = preSolution
		HideSolutionNode = FALSE
	EndGlobalSection
	GlobalSection(NestedProjects) = preSolution
		{73CC5284-018A-40E4-A0E4-79C7C6B9A7DB} = {7F91F0E9-13EA-4927-B9E3-3841B84469C5}
		{644C21D4-9BF9-4806-8E07-D6B5466BC6EE} = {7F91F0E9-13EA-4927-B9E3-3841B84469C5}
		{723B0E87-EFFD-4E92-8174-58DE744EA591} = {7F91F0E9-13EA-4927-B9E3-3841B84469C5}
		{2FB43E92-DB9C-424D-864C-9F97E8A92216} = {03AC39FF-C287-4842-AFC4-E3E5A78283EA}
		{FE4CD462-FB02-4DE0-BB8B-54BBA7F7DBD6} = {03AC39FF-C287-4842-AFC4-E3E5A78283EA}
		{845CFF8B-311C-4235-9D1E-91626BD9401C} = {03AC39FF-C287-4842-AFC4-E3E5A78283EA}
	EndGlobalSection
	GlobalSection(ExtensibilityGlobals) = postSolution
		SolutionGuid = {D84C1856-2817-4A95-8648-F450DE6564BF}
	EndGlobalSection
EndGlobal
